
Microsoft Visual Studio Solution File, Format Version 12.00
# Visual Studio Version 16
VisualStudioVersion = 16.0.29709.97
MinimumVisualStudioVersion = 10.0.40219.1
Project("{FAE04EC0-301F-11D3-BF4B-00C04F79EFBC}") = "Calculator", "Calculator.csproj", "{77534C18-BFDA-41C9-9CA8-1BB882E997B9}"
EndProject
Project("{FAE04EC0-301F-11D3-BF4B-00C04F79EFBC}") = "UnitTests", "..\UnitTests\UnitTests.csproj", "{600AA473-F281-446B-84DC-357BBF3C9742}"
EndProject
Global
	GlobalSection(SolutionConfigurationPlatforms) = preSolution
		Debug|Any CPU = Debug|Any CPU
		Release|Any CPU = Release|Any CPU
	EndGlobalSection
	GlobalSection(ProjectConfigurationPlatforms) = postSolution
		{77534C18-BFDA-41C9-9CA8-1BB882E997B9}.Debug|Any CPU.ActiveCfg = Debug|Any CPU
		{77534C18-BFDA-41C9-9CA8-1BB882E997B9}.Debug|Any CPU.Build.0 = Debug|Any CPU
		{77534C18-BFDA-41C9-9CA8-1BB882E997B9}.Release|Any CPU.ActiveCfg = Release|Any CPU
		{77534C18-BFDA-41C9-9CA8-1BB882E997B9}.Release|Any CPU.Build.0 = Release|Any CPU
		{600AA473-F281-446B-84DC-357BBF3C9742}.Debug|Any CPU.ActiveCfg = Debug|Any CPU
		{600AA473-F281-446B-84DC-357BBF3C9742}.Debug|Any CPU.Build.0 = Debug|Any CPU
		{600AA473-F281-446B-84DC-357BBF3C9742}.Release|Any CPU.ActiveCfg = Release|Any CPU
		{600AA473-F281-446B-84DC-357BBF3C9742}.Release|Any CPU.Build.0 = Release|Any CPU
	EndGlobalSection
	GlobalSection(SolutionProperties) = preSolution
		HideSolutionNode = FALSE
	EndGlobalSection
	GlobalSection(ExtensibilityGlobals) = postSolution
		SolutionGuid = {74E57612-4E41-4EE7-A04B-020AB48597E8}
	EndGlobalSection
EndGlobal
